
Microsoft Visual Studio Solution File, Format Version 12.00
# Visual Studio 2012
Project("{2150E333-8FDC-42A3-9474-1A3956D46DE8}") = "Demos", "Demos", "{B7318527-B670-44D9-A066-41E83A8BFA0D}"
	ProjectSection(SolutionItems) = preProject
		Demos\Test.bat = Demos\Test.bat
		Demos\Test.ps1 = Demos\Test.ps1
	EndProjectSection
EndProject
Project("{FAE04EC0-301F-11D3-BF4B-00C04F79EFBC}") = "RpxDemo", "Demos\Demo Source\RpxDemo\RpxDemo.csproj", "{10C000A7-4B14-4ADE-9C49-0EF69D5CC094}"
EndProject
Project("{FAE04EC0-301F-11D3-BF4B-00C04F79EFBC}") = "DemoLib1", "Demos\Demo Source\RpxDemo2\DemoLib1\DemoLib1.csproj", "{3D4F376A-7EB9-4E48-A503-7D90A6353D16}"
EndProject
Project("{FAE04EC0-301F-11D3-BF4B-00C04F79EFBC}") = "RpxDemo2", "Demos\Demo Source\RpxDemo2\RpxDemo2\RpxDemo2.csproj", "{7E28DC31-AD90-4122-ABC3-75EFF98A2ACE}"
EndProject
Project("{FAE04EC0-301F-11D3-BF4B-00C04F79EFBC}") = "DemoLib2", "Demos\Demo Source\RpxDemo3\DemoLib2\DemoLib2.csproj", "{DA1B3431-F591-46C8-B404-E1429BAA70E8}"
EndProject
Project("{FAE04EC0-301F-11D3-BF4B-00C04F79EFBC}") = "RpxDemo3", "Demos\Demo Source\RpxDemo3\RpxDemo3\RpxDemo3.csproj", "{2CE51EFB-3AAF-4A68-AE5A-7A15C4DDF889}"
EndProject
Project("{FAE04EC0-301F-11D3-BF4B-00C04F79EFBC}") = "ToolDemo1", "Demos\Demo Source\ToolDemo1\ToolDemo1.csproj", "{9AB8E590-2983-442B-B583-3B75935B3B78}"
EndProject
Project("{FAE04EC0-301F-11D3-BF4B-00C04F79EFBC}") = "ToolDemo2", "Demos\Demo Source\ToolDemo2\ToolDemo2.csproj", "{48F12B5A-AD37-426C-ABEB-FB6578BC3712}"
EndProject
Project("{FAE04EC0-301F-11D3-BF4B-00C04F79EFBC}") = "ToolDemo3", "Demos\Demo Source\ToolDemo3\ToolDemo3.csproj", "{E92FECC3-1CAE-4277-8E33-6F94DBCF789E}"
EndProject
Project("{FAE04EC0-301F-11D3-BF4B-00C04F79EFBC}") = "Rpx", "Rpx\Rpx.csproj", "{9496F994-5820-48D6-9F31-08B47E7F4048}"
EndProject
Project("{FAE04EC0-301F-11D3-BF4B-00C04F79EFBC}") = "Rug.Packing.Reflection", "Rug.Packing.Reflection\Rug.Packing.Reflection.csproj", "{BFA16C20-337C-4302-8384-65C8D152EF4C}"
EndProject
Project("{FAE04EC0-301F-11D3-BF4B-00C04F79EFBC}") = "test", "test\test.csproj", "{35246999-F242-4CF9-9722-C102922637DC}"
EndProject
Project("{FAE04EC0-301F-11D3-BF4B-00C04F79EFBC}") = "Rug.Cmd", "Rug.Cmd\Rug.Cmd.csproj", "{60F8448B-AC13-4030-90A9-B8C405F959B1}"
EndProject
Global
	GlobalSection(SolutionConfigurationPlatforms) = preSolution
		Debug|Any CPU = Debug|Any CPU
		Debug|x86 = Debug|x86
		Release|Any CPU = Release|Any CPU
		Release|x86 = Release|x86
	EndGlobalSection
	GlobalSection(ProjectConfigurationPlatforms) = postSolution
		{10C000A7-4B14-4ADE-9C49-0EF69D5CC094}.Debug|Any CPU.ActiveCfg = Debug|Any CPU
		{10C000A7-4B14-4ADE-9C49-0EF69D5CC094}.Debug|Any CPU.Build.0 = Debug|Any CPU
		{10C000A7-4B14-4ADE-9C49-0EF69D5CC094}.Debug|x86.ActiveCfg = Debug|Any CPU
		{10C000A7-4B14-4ADE-9C49-0EF69D5CC094}.Release|Any CPU.ActiveCfg = Release|Any CPU
		{10C000A7-4B14-4ADE-9C49-0EF69D5CC094}.Release|Any CPU.Build.0 = Release|Any CPU
		{10C000A7-4B14-4ADE-9C49-0EF69D5CC094}.Release|x86.ActiveCfg = Release|Any CPU
		{3D4F376A-7EB9-4E48-A503-7D90A6353D16}.Debug|Any CPU.ActiveCfg = Debug|Any CPU
		{3D4F376A-7EB9-4E48-A503-7D90A6353D16}.Debug|Any CPU.Build.0 = Debug|Any CPU
		{3D4F376A-7EB9-4E48-A503-7D90A6353D16}.Debug|x86.ActiveCfg = Debug|Any CPU
		{3D4F376A-7EB9-4E48-A503-7D90A6353D16}.Release|Any CPU.ActiveCfg = Release|Any CPU
		{3D4F376A-7EB9-4E48-A503-7D90A6353D16}.Release|Any CPU.Build.0 = Release|Any CPU
		{3D4F376A-7EB9-4E48-A503-7D90A6353D16}.Release|x86.ActiveCfg = Release|Any CPU
		{7E28DC31-AD90-4122-ABC3-75EFF98A2ACE}.Debug|Any CPU.ActiveCfg = Debug|Any CPU
		{7E28DC31-AD90-4122-ABC3-75EFF98A2ACE}.Debug|Any CPU.Build.0 = Debug|Any CPU
		{7E28DC31-AD90-4122-ABC3-75EFF98A2ACE}.Debug|x86.ActiveCfg = Debug|Any CPU
		{7E28DC31-AD90-4122-ABC3-75EFF98A2ACE}.Release|Any CPU.ActiveCfg = Release|Any CPU
		{7E28DC31-AD90-4122-ABC3-75EFF98A2ACE}.Release|Any CPU.Build.0 = Release|Any CPU
		{7E28DC31-AD90-4122-ABC3-75EFF98A2ACE}.Release|x86.ActiveCfg = Release|Any CPU
		{DA1B3431-F591-46C8-B404-E1429BAA70E8}.Debug|Any CPU.ActiveCfg = Debug|Any CPU
		{DA1B3431-F591-46C8-B404-E1429BAA70E8}.Debug|Any CPU.Build.0 = Debug|Any CPU
		{DA1B3431-F591-46C8-B404-E1429BAA70E8}.Debug|x86.ActiveCfg = Debug|Any CPU
		{DA1B3431-F591-46C8-B404-E1429BAA70E8}.Release|Any CPU.ActiveCfg = Release|Any CPU
		{DA1B3431-F591-46C8-B404-E1429BAA70E8}.Release|Any CPU.Build.0 = Release|Any CPU
		{DA1B3431-F591-46C8-B404-E1429BAA70E8}.Release|x86.ActiveCfg = Release|Any CPU
		{2CE51EFB-3AAF-4A68-AE5A-7A15C4DDF889}.Debug|Any CPU.ActiveCfg = Debug|Any CPU
		{2CE51EFB-3AAF-4A68-AE5A-7A15C4DDF889}.Debug|Any CPU.Build.0 = Debug|Any CPU
		{2CE51EFB-3AAF-4A68-AE5A-7A15C4DDF889}.Debug|x86.ActiveCfg = Debug|Any CPU
		{2CE51EFB-3AAF-4A68-AE5A-7A15C4DDF889}.Release|Any CPU.ActiveCfg = Release|Any CPU
		{2CE51EFB-3AAF-4A68-AE5A-7A15C4DDF889}.Release|Any CPU.Build.0 = Release|Any CPU
		{2CE51EFB-3AAF-4A68-AE5A-7A15C4DDF889}.Release|x86.ActiveCfg = Release|Any CPU
		{9AB8E590-2983-442B-B583-3B75935B3B78}.Debug|Any CPU.ActiveCfg = Debug|Any CPU
		{9AB8E590-2983-442B-B583-3B75935B3B78}.Debug|Any CPU.Build.0 = Debug|Any CPU
		{9AB8E590-2983-442B-B583-3B75935B3B78}.Debug|x86.ActiveCfg = Debug|Any CPU
		{9AB8E590-2983-442B-B583-3B75935B3B78}.Release|Any CPU.ActiveCfg = Release|Any CPU
		{9AB8E590-2983-442B-B583-3B75935B3B78}.Release|Any CPU.Build.0 = Release|Any CPU
		{9AB8E590-2983-442B-B583-3B75935B3B78}.Release|x86.ActiveCfg = Release|Any CPU
		{48F12B5A-AD37-426C-ABEB-FB6578BC3712}.Debug|Any CPU.ActiveCfg = Debug|Any CPU
		{48F12B5A-AD37-426C-ABEB-FB6578BC3712}.Debug|Any CPU.Build.0 = Debug|Any CPU
		{48F12B5A-AD37-426C-ABEB-FB6578BC3712}.Debug|x86.ActiveCfg = Debug|Any CPU
		{48F12B5A-AD37-426C-ABEB-FB6578BC3712}.Release|Any CPU.ActiveCfg = Release|Any CPU
		{48F12B5A-AD37-426C-ABEB-FB6578BC3712}.Release|Any CPU.Build.0 = Release|Any CPU
		{48F12B5A-AD37-426C-ABEB-FB6578BC3712}.Release|x86.ActiveCfg = Release|Any CPU
		{E92FECC3-1CAE-4277-8E33-6F94DBCF789E}.Debug|Any CPU.ActiveCfg = Debug|Any CPU
		{E92FECC3-1CAE-4277-8E33-6F94DBCF789E}.Debug|Any CPU.Build.0 = Debug|Any CPU
		{E92FECC3-1CAE-4277-8E33-6F94DBCF789E}.Debug|x86.ActiveCfg = Debug|Any CPU
		{E92FECC3-1CAE-4277-8E33-6F94DBCF789E}.Release|Any CPU.ActiveCfg = Release|Any CPU
		{E92FECC3-1CAE-4277-8E33-6F94DBCF789E}.Release|Any CPU.Build.0 = Release|Any CPU
		{E92FECC3-1CAE-4277-8E33-6F94DBCF789E}.Release|x86.ActiveCfg = Release|Any CPU
		{9496F994-5820-48D6-9F31-08B47E7F4048}.Debug|Any CPU.ActiveCfg = Debug|Any CPU
		{9496F994-5820-48D6-9F31-08B47E7F4048}.Debug|Any CPU.Build.0 = Debug|Any CPU
		{9496F994-5820-48D6-9F31-08B47E7F4048}.Debug|x86.ActiveCfg = Debug|Any CPU
		{9496F994-5820-48D6-9F31-08B47E7F4048}.Release|Any CPU.ActiveCfg = Release|Any CPU
		{9496F994-5820-48D6-9F31-08B47E7F4048}.Release|Any CPU.Build.0 = Release|Any CPU
		{9496F994-5820-48D6-9F31-08B47E7F4048}.Release|x86.ActiveCfg = Release|Any CPU
		{BFA16C20-337C-4302-8384-65C8D152EF4C}.Debug|Any CPU.ActiveCfg = Debug|Any CPU
		{BFA16C20-337C-4302-8384-65C8D152EF4C}.Debug|Any CPU.Build.0 = Debug|Any CPU
		{BFA16C20-337C-4302-8384-65C8D152EF4C}.Debug|x86.ActiveCfg = Debug|Any CPU
		{BFA16C20-337C-4302-8384-65C8D152EF4C}.Release|Any CPU.ActiveCfg = Release|Any CPU
		{BFA16C20-337C-4302-8384-65C8D152EF4C}.Release|Any CPU.Build.0 = Release|Any CPU
		{BFA16C20-337C-4302-8384-65C8D152EF4C}.Release|x86.ActiveCfg = Release|Any CPU
		{35246999-F242-4CF9-9722-C102922637DC}.Debug|Any CPU.ActiveCfg = Debug|x86
		{35246999-F242-4CF9-9722-C102922637DC}.Debug|Any CPU.Build.0 = Debug|x86
		{35246999-F242-4CF9-9722-C102922637DC}.Debug|x86.ActiveCfg = Debug|x86
		{35246999-F242-4CF9-9722-C102922637DC}.Debug|x86.Build.0 = Debug|x86
		{35246999-F242-4CF9-9722-C102922637DC}.Release|Any CPU.ActiveCfg = Release|x86
		{35246999-F242-4CF9-9722-C102922637DC}.Release|Any CPU.Build.0 = Release|x86
		{35246999-F242-4CF9-9722-C102922637DC}.Release|x86.ActiveCfg = Release|x86
		{35246999-F242-4CF9-9722-C102922637DC}.Release|x86.Build.0 = Release|x86
		{60F8448B-AC13-4030-90A9-B8C405F959B1}.Debug|Any CPU.ActiveCfg = Debug|Any CPU
		{60F8448B-AC13-4030-90A9-B8C405F959B1}.Debug|Any CPU.Build.0 = Debug|Any CPU
		{60F8448B-AC13-4030-90A9-B8C405F959B1}.Debug|x86.ActiveCfg = Debug|x86
		{60F8448B-AC13-4030-90A9-B8C405F959B1}.Debug|x86.Build.0 = Debug|x86
		{60F8448B-AC13-4030-90A9-B8C405F959B1}.Release|Any CPU.ActiveCfg = Release|Any CPU
		{60F8448B-AC13-4030-90A9-B8C405F959B1}.Release|Any CPU.Build.0 = Release|Any CPU
		{60F8448B-AC13-4030-90A9-B8C405F959B1}.Release|x86.ActiveCfg = Release|x86
		{60F8448B-AC13-4030-90A9-B8C405F959B1}.Release|x86.Build.0 = Release|x86
	EndGlobalSection
	GlobalSection(SolutionProperties) = preSolution
		HideSolutionNode = FALSE
	EndGlobalSection
	GlobalSection(NestedProjects) = preSolution
		{10C000A7-4B14-4ADE-9C49-0EF69D5CC094} = {B7318527-B670-44D9-A066-41E83A8BFA0D}
		{3D4F376A-7EB9-4E48-A503-7D90A6353D16} = {B7318527-B670-44D9-A066-41E83A8BFA0D}
		{7E28DC31-AD90-4122-ABC3-75EFF98A2ACE} = {B7318527-B670-44D9-A066-41E83A8BFA0D}
		{DA1B3431-F591-46C8-B404-E1429BAA70E8} = {B7318527-B670-44D9-A066-41E83A8BFA0D}
		{2CE51EFB-3AAF-4A68-AE5A-7A15C4DDF889} = {B7318527-B670-44D9-A066-41E83A8BFA0D}
		{9AB8E590-2983-442B-B583-3B75935B3B78} = {B7318527-B670-44D9-A066-41E83A8BFA0D}
		{48F12B5A-AD37-426C-ABEB-FB6578BC3712} = {B7318527-B670-44D9-A066-41E83A8BFA0D}
		{E92FECC3-1CAE-4277-8E33-6F94DBCF789E} = {B7318527-B670-44D9-A066-41E83A8BFA0D}
	EndGlobalSection
EndGlobal
