Microsoft Visual Studio Solution File, Format Version 11.00
# Visual Studio 2010
Project("{010897D3-DD31-4137-9C9E-3016E4893B9E}") = "Kohl.Framework", "Kohl.Framework.csproj", "{2E4E3508-2275-4A32-9A0D-9A95B134407B}"
EndProject
Global
	GlobalSection(SolutionConfigurationPlatforms) = preSolution
		Debug|AnyCPU = Debug|AnyCPU
		Release|AnyCPU = Release|AnyCPU
	EndGlobalSection
	GlobalSection(ProjectConfigurationPlatforms) = postSolution
		{2E4E3508-2275-4A32-9A0D-9A95B134407B}.Debug|AnyCPU.ActiveCfg = Debug|AnyCPU
		{2E4E3508-2275-4A32-9A0D-9A95B134407B}.Debug|AnyCPU.Build.0 = Debug|AnyCPU
		{2E4E3508-2275-4A32-9A0D-9A95B134407B}.Release|AnyCPU.ActiveCfg = Release|AnyCPU
		{2E4E3508-2275-4A32-9A0D-9A95B134407B}.Release|AnyCPU.Build.0 = Release|AnyCPU
	EndGlobalSection
	GlobalSection(SolutionProperties) = preSolution
		HideSolutionNode = FALSE
	EndGlobalSection
EndGlobal
